
Microsoft Visual Studio Solution File, Format Version 12.00
# Visual Studio Version 17
VisualStudioVersion = 17.14.36414.22 d17.14
MinimumVisualStudioVersion = 10.0.40219.1
Project("{FAE04EC0-301F-11D3-BF4B-00C04F79EFBC}") = "C#", "C#.csproj", "{2B93B946-BA22-4ECE-80BE-2463323819DD}"
EndProject
Global
	GlobalSection(SolutionConfigurationPlatforms) = preSolution
		Debug|Any CPU = Debug|Any CPU
		Release|Any CPU = Release|Any CPU
	EndGlobalSection
	GlobalSection(ProjectConfigurationPlatforms) = postSolution
		{2B93B946-BA22-4ECE-80BE-2463323819DD}.Debug|Any CPU.ActiveCfg = Debug|Any CPU
		{2B93B946-BA22-4ECE-80BE-2463323819DD}.Debug|Any CPU.Build.0 = Debug|Any CPU
		{2B93B946-BA22-4ECE-80BE-2463323819DD}.Release|Any CPU.ActiveCfg = Release|Any CPU
		{2B93B946-BA22-4ECE-80BE-2463323819DD}.Release|Any CPU.Build.0 = Release|Any CPU
	EndGlobalSection
	GlobalSection(SolutionProperties) = preSolution
		HideSolutionNode = FALSE
	EndGlobalSection
	GlobalSection(ExtensibilityGlobals) = postSolution
		SolutionGuid = {A6BD5741-42C2-4D5B-B8D5-546440C895FB}
	EndGlobalSection
EndGlobal
